
Microsoft Visual Studio Solution File, Format Version 12.00
# Visual Studio Version 16
VisualStudioVersion = 16.0.30615.102
MinimumVisualStudioVersion = 10.0.40219.1
Project("{9A19103F-16F7-4668-BE54-9A1E7A4F7556}") = "SCC.FantasyFootball", "SCC.FantasyFootball\SCC.FantasyFootball.csproj", "{31F144CE-14EC-4AD2-B204-84F811B1DB46}"
EndProject
Project("{9A19103F-16F7-4668-BE54-9A1E7A4F7556}") = "SCC.FantasyFootball.DataAccess", "SCC.FantasyFootball.DataAccess\SCC.FantasyFootball.DataAccess.csproj", "{C884F346-8C2A-4BFC-A9F0-CC9FDCBB8525}"
EndProject
Project("{9A19103F-16F7-4668-BE54-9A1E7A4F7556}") = "SCC.FantasyFootball.Business", "SCC.FantasyFootball.Business\SCC.FantasyFootball.Business.csproj", "{A220DBB1-F3F7-4243-876D-84537A5D5D31}"
EndProject
Project("{9A19103F-16F7-4668-BE54-9A1E7A4F7556}") = "SCC.FantasyFootball.Common", "SCC.FantasyFootball.Common\SCC.FantasyFootball.Common.csproj", "{B70F6D81-49E5-45D3-BB23-58E805D45048}"
EndProject
Project("{9A19103F-16F7-4668-BE54-9A1E7A4F7556}") = "SCC.FantasyFootball.DTO", "SCC.FantasyFootball.DTO\SCC.FantasyFootball.DTO.csproj", "{DA46BE77-36CB-44A6-8A89-625DB914A38A}"
EndProject
Project("{2150E333-8FDC-42A3-9474-1A3956D46DE8}") = "Docker", "Docker", "{D7ADB95D-CBCA-4FEA-B371-911C11BC441E}"
	ProjectSection(SolutionItems) = preProject
		.dockerignore = .dockerignore
		docker-compose.yml = docker-compose.yml
		Dockerfile = Dockerfile
	EndProjectSection
EndProject
Global
	GlobalSection(SolutionConfigurationPlatforms) = preSolution
		Debug|Any CPU = Debug|Any CPU
		Release|Any CPU = Release|Any CPU
	EndGlobalSection
	GlobalSection(ProjectConfigurationPlatforms) = postSolution
		{31F144CE-14EC-4AD2-B204-84F811B1DB46}.Debug|Any CPU.ActiveCfg = Debug|Any CPU
		{31F144CE-14EC-4AD2-B204-84F811B1DB46}.Debug|Any CPU.Build.0 = Debug|Any CPU
		{31F144CE-14EC-4AD2-B204-84F811B1DB46}.Release|Any CPU.ActiveCfg = Release|Any CPU
		{31F144CE-14EC-4AD2-B204-84F811B1DB46}.Release|Any CPU.Build.0 = Release|Any CPU
		{C884F346-8C2A-4BFC-A9F0-CC9FDCBB8525}.Debug|Any CPU.ActiveCfg = Debug|Any CPU
		{C884F346-8C2A-4BFC-A9F0-CC9FDCBB8525}.Debug|Any CPU.Build.0 = Debug|Any CPU
		{C884F346-8C2A-4BFC-A9F0-CC9FDCBB8525}.Release|Any CPU.ActiveCfg = Release|Any CPU
		{C884F346-8C2A-4BFC-A9F0-CC9FDCBB8525}.Release|Any CPU.Build.0 = Release|Any CPU
		{A220DBB1-F3F7-4243-876D-84537A5D5D31}.Debug|Any CPU.ActiveCfg = Debug|Any CPU
		{A220DBB1-F3F7-4243-876D-84537A5D5D31}.Debug|Any CPU.Build.0 = Debug|Any CPU
		{A220DBB1-F3F7-4243-876D-84537A5D5D31}.Release|Any CPU.ActiveCfg = Release|Any CPU
		{A220DBB1-F3F7-4243-876D-84537A5D5D31}.Release|Any CPU.Build.0 = Release|Any CPU
		{B70F6D81-49E5-45D3-BB23-58E805D45048}.Debug|Any CPU.ActiveCfg = Debug|Any CPU
		{B70F6D81-49E5-45D3-BB23-58E805D45048}.Debug|Any CPU.Build.0 = Debug|Any CPU
		{B70F6D81-49E5-45D3-BB23-58E805D45048}.Release|Any CPU.ActiveCfg = Release|Any CPU
		{B70F6D81-49E5-45D3-BB23-58E805D45048}.Release|Any CPU.Build.0 = Release|Any CPU
		{DA46BE77-36CB-44A6-8A89-625DB914A38A}.Debug|Any CPU.ActiveCfg = Debug|Any CPU
		{DA46BE77-36CB-44A6-8A89-625DB914A38A}.Debug|Any CPU.Build.0 = Debug|Any CPU
		{DA46BE77-36CB-44A6-8A89-625DB914A38A}.Release|Any CPU.ActiveCfg = Release|Any CPU
		{DA46BE77-36CB-44A6-8A89-625DB914A38A}.Release|Any CPU.Build.0 = Release|Any CPU
	EndGlobalSection
	GlobalSection(SolutionProperties) = preSolution
		HideSolutionNode = FALSE
	EndGlobalSection
	GlobalSection(ExtensibilityGlobals) = postSolution
		SolutionGuid = {B80DF992-DF77-4167-8555-AEFF25B7FC42}
	EndGlobalSection
EndGlobal
